
Microsoft Visual Studio Solution File, Format Version 12.00
# Visual Studio Version 17
VisualStudioVersion = 17.10.35013.160
MinimumVisualStudioVersion = 10.0.40219.1
Project("{8BC9CEB8-8B4A-11D0-8D11-00A0C91BC942}") = "HonestyChecker", "HonestyChecker.vcxproj", "{158C3CA1-13BA-4334-A341-6314903C532E}"
EndProject
Global
	GlobalSection(SolutionConfigurationPlatforms) = preSolution
		Debug|x64 = Debug|x64
		Debug|x86 = Debug|x86
		Release|x64 = Release|x64
		Release|x86 = Release|x86
	EndGlobalSection
	GlobalSection(ProjectConfigurationPlatforms) = postSolution
		{158C3CA1-13BA-4334-A341-6314903C532E}.Debug|x64.ActiveCfg = Debug|x64
		{158C3CA1-13BA-4334-A341-6314903C532E}.Debug|x64.Build.0 = Debug|x64
		{158C3CA1-13BA-4334-A341-6314903C532E}.Debug|x86.ActiveCfg = Debug|Win32
		{158C3CA1-13BA-4334-A341-6314903C532E}.Debug|x86.Build.0 = Debug|Win32
		{158C3CA1-13BA-4334-A341-6314903C532E}.Release|x64.ActiveCfg = Release|x64
		{158C3CA1-13BA-4334-A341-6314903C532E}.Release|x64.Build.0 = Release|x64
		{158C3CA1-13BA-4334-A341-6314903C532E}.Release|x86.ActiveCfg = Release|Win32
		{158C3CA1-13BA-4334-A341-6314903C532E}.Release|x86.Build.0 = Release|Win32
	EndGlobalSection
	GlobalSection(SolutionProperties) = preSolution
		HideSolutionNode = FALSE
	EndGlobalSection
	GlobalSection(ExtensibilityGlobals) = postSolution
		SolutionGuid = {2425D2CF-AD43-4799-AD8C-4E1DD4DA2A16}
	EndGlobalSection
EndGlobal
